
Microsoft Visual Studio Solution File, Format Version 12.00
# Visual Studio Version 17
VisualStudioVersion = 17.0.32014.148
MinimumVisualStudioVersion = 10.0.40219.1
Project("{FAE04EC0-301F-11D3-BF4B-00C04F79EFBC}") = "WpfApp1", "WpfApp1\WpfApp1.csproj", "{77811BFD-675F-4311-8182-C07117B2AAC1}"
EndProject
Global
	GlobalSection(SolutionConfigurationPlatforms) = preSolution
		Debug|Any CPU = Debug|Any CPU
		Release|Any CPU = Release|Any CPU
	EndGlobalSection
	GlobalSection(ProjectConfigurationPlatforms) = postSolution
		{77811BFD-675F-4311-8182-C07117B2AAC1}.Debug|Any CPU.ActiveCfg = Debug|Any CPU
		{77811BFD-675F-4311-8182-C07117B2AAC1}.Debug|Any CPU.Build.0 = Debug|Any CPU
		{77811BFD-675F-4311-8182-C07117B2AAC1}.Release|Any CPU.ActiveCfg = Release|Any CPU
		{77811BFD-675F-4311-8182-C07117B2AAC1}.Release|Any CPU.Build.0 = Release|Any CPU
	EndGlobalSection
	GlobalSection(SolutionProperties) = preSolution
		HideSolutionNode = FALSE
	EndGlobalSection
	GlobalSection(ExtensibilityGlobals) = postSolution
		SolutionGuid = {9CD0F639-8BC0-4E27-8149-BD17D5A0789F}
	EndGlobalSection
EndGlobal
